github.com/Flaque/filet v0.0.0-20190209224823-fc4d33cfcf93 h1:NnAUCP75PRm8yWE7+MZBIAR6PA9iwsBYEc6ZNYOy+AQ=
github.com/Flaque/filet v0.0.0-20190209224823-fc4d33cfcf93/go.mod h1:TK+jB3mBs+8ZMWhU5BqZKnZWJ1MrLo8etNVg51ueTBo=
github.com/davecgh/go-spew v1.1.0 h1:ZDRjVQ15GmhC3fiQ8ni8+OwkZQO4DARzQgrnXU1Liz8=
github.com/davecgh/go-spew v1.1.0/go.mod h1:J7Y8YcW2NihsgmVo/mv3lAwl/skON4iLHjSsI+c5H38=
github.com/pmezard/go-difflib v1.0.0 h1:4DBwDE0NGyQoBHbLQYPwSUPoCMWR5BEzIk/f1lZbAQM=
github.com/pmezard/go-difflib v1.0.0/go.mod h1:iKH77koFhYxTK1pcRnkKkqfTogsbg7gZNVY4sRDYZ/4=
github.com/spf13/afero v1.2.2 h1:5jhuqJyZCZf2JRofRvN/nIFgIWNzPa3/Vz8mYylgbWc=
github.com/spf13/afero v1.2.2/go.mod h1:9ZxEEn6pIJ8Rxe320qSDBk6AsU0r9pR7Q4OcevTdifk=
github.com/stretchr/objx v0.1.0/go.mod h1:HFkY916IF+rwdDfMAkV7OtwuqBVzrE8GR6GFx+wExME=
github.com/stretchr/testify v1.3.0 h1:TivCn/peBQ7UY8ooIcPgZFpTNSz0Q2U6UrFlUfqbe0Q=
github.com/stretchr/testify v1.3.0/go.mod h1:M5WIy9Dh21IEIfnGCwXGc5bZfKNJtfHm1UVUgZn+9EI=
golang.org/x/text v0.3.0 h1:g61tztE5qeGQ89tm6NTjjM9VPIm088od1l6aSorWRWg=
golang.org/x/text v0.3.0/go.mod h1:NqM8EUOU14njkJ3fqMW+pc6Ldnwhi/IjpwHt7yyuwOQ=
gopkg.in/gomail.v2 v2.0.0-20160411212932-81ebce5c23df h1:n7WqCuqOuCbNr617RXOY0AWRXxgwEyPp2z+p0+hgMuE=
gopkg.in/gomail.v2 v2.0.0-20160411212932-81ebce5c23df/go.mod h1:LRQQ+SO6ZHR7tOkpBDuZnXENFzX8qRjMDMyPD6BRkCw=
